
Microsoft Visual Studio Solution File, Format Version 12.00
Project("{FAE04EC0-301F-11D3-BF4B-00C04F79EFBC}") = "Toolkit.Authentication.JwtBearer", "src\Toolkit.Authentication.JwtBearer.csproj", "{DBF781D3-1E73-4688-81C6-BAD7FFD6AB9E}"
EndProject
Project("{FAE04EC0-301F-11D3-BF4B-00C04F79EFBC}") = "Toolkit.Authentication.JwtBearer.Tests", "tests\Toolkit.Authentication.JwtBearer.Tests.csproj", "{3DCAE9B5-B5D6-4082-9F75-B5FACE672A87}"
EndProject
Global
	GlobalSection(SolutionConfigurationPlatforms) = preSolution
		Debug|Any CPU = Debug|Any CPU
		Release|Any CPU = Release|Any CPU
	EndGlobalSection
	GlobalSection(ProjectConfigurationPlatforms) = postSolution
		{DBF781D3-1E73-4688-81C6-BAD7FFD6AB9E}.Debug|Any CPU.ActiveCfg = Debug|Any CPU
		{DBF781D3-1E73-4688-81C6-BAD7FFD6AB9E}.Debug|Any CPU.Build.0 = Debug|Any CPU
		{DBF781D3-1E73-4688-81C6-BAD7FFD6AB9E}.Release|Any CPU.ActiveCfg = Release|Any CPU
		{DBF781D3-1E73-4688-81C6-BAD7FFD6AB9E}.Release|Any CPU.Build.0 = Release|Any CPU
		{3DCAE9B5-B5D6-4082-9F75-B5FACE672A87}.Debug|Any CPU.ActiveCfg = Debug|Any CPU
		{3DCAE9B5-B5D6-4082-9F75-B5FACE672A87}.Debug|Any CPU.Build.0 = Debug|Any CPU
		{3DCAE9B5-B5D6-4082-9F75-B5FACE672A87}.Release|Any CPU.ActiveCfg = Release|Any CPU
		{3DCAE9B5-B5D6-4082-9F75-B5FACE672A87}.Release|Any CPU.Build.0 = Release|Any CPU
	EndGlobalSection
EndGlobal
